
Microsoft Visual Studio Solution File, Format Version 12.00
# Visual Studio 14
VisualStudioVersion = 14.0.25420.1
MinimumVisualStudioVersion = 10.0.40219.1
Project("{FAE04EC0-301F-11D3-BF4B-00C04F79EFBC}") = "githubtest", "githubtest\githubtest.csproj", "{7BA08216-91C2-49FB-BAA1-E2989023AE66}"
EndProject
Project("{FAE04EC0-301F-11D3-BF4B-00C04F79EFBC}") = "githubtest.Tests", "githubtest.Tests\githubtest.Tests.csproj", "{965F2CEB-1C34-4CB1-B7BD-BE09700E41E0}"
EndProject
Global
	GlobalSection(SolutionConfigurationPlatforms) = preSolution
		Debug|Any CPU = Debug|Any CPU
		Release|Any CPU = Release|Any CPU
	EndGlobalSection
	GlobalSection(ProjectConfigurationPlatforms) = postSolution
		{7BA08216-91C2-49FB-BAA1-E2989023AE66}.Debug|Any CPU.ActiveCfg = Debug|Any CPU
		{7BA08216-91C2-49FB-BAA1-E2989023AE66}.Debug|Any CPU.Build.0 = Debug|Any CPU
		{7BA08216-91C2-49FB-BAA1-E2989023AE66}.Release|Any CPU.ActiveCfg = Release|Any CPU
		{7BA08216-91C2-49FB-BAA1-E2989023AE66}.Release|Any CPU.Build.0 = Release|Any CPU
		{965F2CEB-1C34-4CB1-B7BD-BE09700E41E0}.Debug|Any CPU.ActiveCfg = Debug|Any CPU
		{965F2CEB-1C34-4CB1-B7BD-BE09700E41E0}.Debug|Any CPU.Build.0 = Debug|Any CPU
		{965F2CEB-1C34-4CB1-B7BD-BE09700E41E0}.Release|Any CPU.ActiveCfg = Release|Any CPU
		{965F2CEB-1C34-4CB1-B7BD-BE09700E41E0}.Release|Any CPU.Build.0 = Release|Any CPU
	EndGlobalSection
	GlobalSection(SolutionProperties) = preSolution
		HideSolutionNode = FALSE
	EndGlobalSection
EndGlobal
